<?xml version="1.0" encoding="utf-8"?>
<Project ToolsVersion="4.0" xmlns="http://schemas.microsoft.com/developer/msbuild/2003">
  <ItemGroup>
    <Filter Include="源文件">
      <UniqueIdentifier>{4FC737F1-C7A5-4376-A066-2A32D752A2FF}</UniqueIdentifier>
      <Extensions>cpp;c;cc;cxx;def;odl;idl;hpj;bat;asm;asmx</Extensions>
    </Filter>
    <Filter Include="头文件">
      <UniqueIdentifier>{93995380-89BD-4b04-88EB-625FBE52EBFB}</UniqueIdentifier>
      <Extensions>h;hh;hpp;hxx;hm;inl;inc;xsd</Extensions>
    </Filter>
    <Filter Include="资源文件">
      <UniqueIdentifier>{67DA6AB6-F800-4c08-8B7A-83BB121AAD01}</UniqueIdentifier>
      <Extensions>rc;ico;cur;bmp;dlg;rc2;rct;bin;rgs;gif;jpg;jpeg;jpe;resx;tiff;tif;png;wav;mfcribbon-ms</Extensions>
    </Filter>
    <Filter Include="头文件\grub">
      <UniqueIdentifier>{73f89115-d19e-48ef-9753-95c833130bd5}</UniqueIdentifier>
    </Filter>
    <Filter Include="源文件\grub">
      <UniqueIdentifier>{459b3a69-802f-4209-9081-8c6280c85a57}</UniqueIdentifier>
    </Filter>
  </ItemGroup>
  <ItemGroup>
    <ClCompile Include="grub\video.c">
      <Filter>源文件\grub</Filter>
    </ClCompile>
    <ClCompile Include="grub\grub.c">
      <Filter>源文件\grub</Filter>
    </ClCompile>
    <ClCompile Include="grub\bitmap_scale.c">
      <Filter>源文件\grub</Filter>
    </ClCompile>
    <ClCompile Include="grub\bitmap.c">
      <Filter>源文件\grub</Filter>
    </ClCompile>
    <ClCompile Include="Png.c">
      <Filter>源文件</Filter>
    </ClCompile>
    <ClCompile Include="grub\file.c">
      <Filter>源文件\grub</Filter>
    </ClCompile>
    <ClCompile Include="ImageDecoderLib.c">
      <Filter>源文件</Filter>
    </ClCompile>
  </ItemGroup>
  <ItemGroup>
    <ClInclude Include="grub\types.h">
      <Filter>头文件\grub</Filter>
    </ClInclude>
    <ClInclude Include="grub\err.h">
      <Filter>头文件\grub</Filter>
    </ClInclude>
    <ClInclude Include="grub\bitmap_scale.h">
      <Filter>头文件\grub</Filter>
    </ClInclude>
    <ClInclude Include="grub\video.h">
      <Filter>头文件\grub</Filter>
    </ClInclude>
    <ClInclude Include="grub\mm.h">
      <Filter>头文件\grub</Filter>
    </ClInclude>
    <ClInclude Include="grub\misc.h">
      <Filter>头文件\grub</Filter>
    </ClInclude>
    <ClInclude Include="grub\file.h">
      <Filter>头文件\grub</Filter>
    </ClInclude>
    <ClInclude Include="grub\bitmap.h">
      <Filter>头文件\grub</Filter>
    </ClInclude>
  </ItemGroup>
  <ItemGroup>
    <None Include="ImageDecoderLib.inf" />
  </ItemGroup>
</Project>