<?xml version="1.0" encoding="utf-8"?>
<Project ToolsVersion="4.0" xmlns="http://schemas.microsoft.com/developer/msbuild/2003">
  <ItemGroup>
    <Filter Include="源文件">
      <UniqueIdentifier>{4FC737F1-C7A5-4376-A066-2A32D752A2FF}</UniqueIdentifier>
      <Extensions>cpp;c;cc;cxx;def;odl;idl;hpj;bat;asm;asmx</Extensions>
    </Filter>
    <Filter Include="头文件">
      <UniqueIdentifier>{93995380-89BD-4b04-88EB-625FBE52EBFB}</UniqueIdentifier>
      <Extensions>h;hh;hpp;hxx;hm;inl;inc;xsd</Extensions>
    </Filter>
    <Filter Include="资源文件">
      <UniqueIdentifier>{67DA6AB6-F800-4c08-8B7A-83BB121AAD01}</UniqueIdentifier>
      <Extensions>rc;ico;cur;bmp;dlg;rc2;rct;bin;rgs;gif;jpg;jpeg;jpe;resx;tiff;tif;png;wav;mfcribbon-ms</Extensions>
    </Filter>
    <Filter Include="头文件\EdkClass">
      <UniqueIdentifier>{5e94061f-2f86-49fc-89ce-e86f00b1fb08}</UniqueIdentifier>
    </Filter>
    <Filter Include="头文件\Lib">
      <UniqueIdentifier>{dbeffca1-bb74-4534-8596-879e4ae87895}</UniqueIdentifier>
    </Filter>
  </ItemGroup>
  <ItemGroup>
    <ClCompile Include="Null.c">
      <Filter>源文件</Filter>
    </ClCompile>
  </ItemGroup>
  <ItemGroup>
    <ClInclude Include="EdkClass\Common.h">
      <Filter>头文件\EdkClass</Filter>
    </ClInclude>
    <ClInclude Include="EdkClass\NetProtocolStack.h">
      <Filter>头文件\EdkClass</Filter>
    </ClInclude>
    <ClInclude Include="Helper.h">
      <Filter>头文件\EdkClass</Filter>
    </ClInclude>
    <ClInclude Include="Lib\HashKvLib.h">
      <Filter>头文件\Lib</Filter>
    </ClInclude>
    <ClInclude Include="ExtTypes.h">
      <Filter>头文件</Filter>
    </ClInclude>
    <ClInclude Include="Lib\XmlParserLib.h">
      <Filter>头文件\Lib</Filter>
    </ClInclude>
    <ClInclude Include="Config.h">
      <Filter>头文件</Filter>
    </ClInclude>
    <ClInclude Include="EdkClass\Helper.h">
      <Filter>头文件\EdkClass</Filter>
    </ClInclude>
    <ClInclude Include="EdkClass\MediaAccess.h">
      <Filter>头文件\EdkClass</Filter>
    </ClInclude>
    <ClInclude Include="EdkClass\Video.h">
      <Filter>头文件\EdkClass</Filter>
    </ClInclude>
  </ItemGroup>
</Project>